// !$*UTF8*$!
{
	archiveVersion = 1;
	classes = {
	};
	objectVersion = 50;
	objects = {

/* Begin PBXBuildFile section */
		56D9B8D922C261A300E7D058 /* AppDelegate.swift in Sources */ = {isa = PBXBuildFile; fileRef = 56D9B8D822C261A300E7D058 /* AppDelegate.swift */; };
		56D9B8DB22C261A300E7D058 /* ContentView.swift in Sources */ = {isa = PBXBuildFile; fileRef = 56D9B8DA22C261A300E7D058 /* ContentView.swift */; };
		56D9B8DD22C261A700E7D058 /* Assets.xcassets in Resources */ = {isa = PBXBuildFile; fileRef = 56D9B8DC22C261A700E7D058 /* Assets.xcassets */; };
		56D9B8E022C261A700E7D058 /* Preview Assets.xcassets in Resources */ = {isa = PBXBuildFile; fileRef = 56D9B8DF22C261A700E7D058 /* Preview Assets.xcassets */; };
		56D9B8E322C261A700E7D058 /* Main.storyboard in Resources */ = {isa = PBXBuildFile; fileRef = 56D9B8E122C261A700E7D058 /* Main.storyboard */; };
/* End PBXBuildFile section */

/* Begin PBXFileReference section */
		56D9B8D522C261A300E7D058 /* ScreenTimeController.app */ = {isa = PBXFileReference; explicitFileType = wrapper.application; includeInIndex = 0; path = ScreenTimeController.app; sourceTree = BUILT_PRODUCTS_DIR; };
		56D9B8D822C261A300E7D058 /* AppDelegate.swift */ = {isa = PBXFileReference; lastKnownFileType = sourcecode.swift; path = AppDelegate.swift; sourceTree = "<group>"; };
		56D9B8DA22C261A300E7D058 /* ContentView.swift */ = {isa = PBXFileReference; lastKnownFileType = sourcecode.swift; path = ContentView.swift; sourceTree = "<group>"; };
		56D9B8DC22C261A700E7D058 /* Assets.xcassets */ = {isa = PBXFileReference; lastKnownFileType = folder.assetcatalog; path = Assets.xcassets; sourceTree = "<group>"; };
		56D9B8DF22C261A700E7D058 /* Preview Assets.xcassets */ = {isa = PBXFileReference; lastKnownFileType = folder.assetcatalog; path = "Preview Assets.xcassets"; sourceTree = "<group>"; };
		56D9B8E222C261A700E7D058 /* Base */ = {isa = PBXFileReference; lastKnownFileType = file.storyboard; name = Base; path = Base.lproj/Main.storyboard; sourceTree = "<group>"; };
		56D9B8E422C261A700E7D058 /* Info.plist */ = {isa = PBXFileReference; lastKnownFileType = text.plist.xml; path = Info.plist; sourceTree = "<group>"; };
		56D9B8E522C261A700E7D058 /* ScreenTimeController.entitlements */ = {isa = PBXFileReference; lastKnownFileType = text.plist.entitlements; path = ScreenTimeController.entitlements; sourceTree = "<group>"; };
		56E88E5222C4C1310012125D /* README.md */ = {isa = PBXFileReference; lastKnownFileType = net.daringfireball.markdown; path = README.md; sourceTree = "<group>"; };
/* End PBXFileReference section */

/* Begin PBXFrameworksBuildPhase section */
		56D9B8D222C261A300E7D058 /* Frameworks */ = {
			isa = PBXFrameworksBuildPhase;
			buildActionMask = 2147483647;
			files = (
			);
			runOnlyForDeploymentPostprocessing = 0;
		};
/* End PBXFrameworksBuildPhase section */

/* Begin PBXGroup section */
		56D9B8CC22C261A300E7D058 = {
			isa = PBXGroup;
			children = (
				56E88E5222C4C1310012125D /* README.md */,
				56D9B8D722C261A300E7D058 /* ScreenTimeController */,
				56D9B8D622C261A300E7D058 /* Products */,
			);
			sourceTree = "<group>";
		};
		56D9B8D622C261A300E7D058 /* Products */ = {
			isa = PBXGroup;
			children = (
				56D9B8D522C261A300E7D058 /* ScreenTimeController.app */,
			);
			name = Products;
			sourceTree = "<group>";
		};
		56D9B8D722C261A300E7D058 /* ScreenTimeController */ = {
			isa = PBXGroup;
			children = (
				56D9B8D822C261A300E7D058 /* AppDelegate.swift */,
				56D9B8DA22C261A300E7D058 /* ContentView.swift */,
				56D9B8DC22C261A700E7D058 /* Assets.xcassets */,
				56D9B8E122C261A700E7D058 /* Main.storyboard */,
				56D9B8E422C261A700E7D058 /* Info.plist */,
				56D9B8E522C261A700E7D058 /* ScreenTimeController.entitlements */,
				56D9B8DE22C261A700E7D058 /* Preview Content */,
			);
			path = ScreenTimeController;
			sourceTree = "<group>";
		};
		56D9B8DE22C261A700E7D058 /* Preview Content */ = {
			isa = PBXGroup;
			children = (
				56D9B8DF22C261A700E7D058 /* Preview Assets.xcassets */,
			);
			path = "Preview Content";
			sourceTree = "<group>";
		};
/* End PBXGroup section */

/* Begin PBXNativeTarget section */
		56D9B8D422C261A300E7D058 /* ScreenTimeController */ = {
			isa = PBXNativeTarget;
			buildConfigurationList = 56D9B8E822C261A700E7D058 /* Build configuration list for PBXNativeTarget "ScreenTimeController" */;
			buildPhases = (
				56D9B8D122C261A300E7D058 /* Sources */,
				56D9B8D222C261A300E7D058 /* Frameworks */,
				56D9B8D322C261A300E7D058 /* Resources */,
			);
			buildRules = (
			);
			dependencies = (
			);
			name = ScreenTimeController;
			productName = ScreenTimeController;
			productReference = 56D9B8D522C261A300E7D058 /* ScreenTimeController.app */;
			productType = "com.apple.product-type.application";
		};
/* End PBXNativeTarget section */

/* Begin PBXProject section */
		56D9B8CD22C261A300E7D058 /* Project object */ = {
			isa = PBXProject;
			attributes = {
				LastSwiftUpdateCheck = 1100;
				LastUpgradeCheck = 1100;
				ORGANIZATIONNAME = "Evian张";
				TargetAttributes = {
					56D9B8D422C261A300E7D058 = {
						CreatedOnToolsVersion = 11.0;
					};
				};
			};
			buildConfigurationList = 56D9B8D022C261A300E7D058 /* Build configuration list for PBXProject "ScreenTimeController" */;
			compatibilityVersion = "Xcode 9.3";
			developmentRegion = en;
			hasScannedForEncodings = 0;
			knownRegions = (
				en,
				Base,
			);
			mainGroup = 56D9B8CC22C261A300E7D058;
			productRefGroup = 56D9B8D622C261A300E7D058 /* Products */;
			projectDirPath = "";
			projectRoot = "";
			targets = (
				56D9B8D422C261A300E7D058 /* ScreenTimeController */,
			);
		};
/* End PBXProject section */

/* Begin PBXResourcesBuildPhase section */
		56D9B8D322C261A300E7D058 /* Resources */ = {
			isa = PBXResourcesBuildPhase;
			buildActionMask = 2147483647;
			files = (
				56D9B8E322C261A700E7D058 /* Main.storyboard in Resources */,
				56D9B8E022C261A700E7D058 /* Preview Assets.xcassets in Resources */,
				56D9B8DD22C261A700E7D058 /* Assets.xcassets in Resources */,
			);
			runOnlyForDeploymentPostprocessing = 0;
		};
/* End PBXResourcesBuildPhase section */

/* Begin PBXSourcesBuildPhase section */
		56D9B8D122C261A300E7D058 /* Sources */ = {
			isa = PBXSourcesBuildPhase;
			buildActionMask = 2147483647;
			files = (
				56D9B8DB22C261A300E7D058 /* ContentView.swift in Sources */,
				56D9B8D922C261A300E7D058 /* AppDelegate.swift in Sources */,
			);
			runOnlyForDeploymentPostprocessing = 0;
		};
/* End PBXSourcesBuildPhase section */

/* Begin PBXVariantGroup section */
		56D9B8E122C261A700E7D058 /* Main.storyboard */ = {
			isa = PBXVariantGroup;
			children = (
				56D9B8E222C261A700E7D058 /* Base */,
			);
			name = Main.storyboard;
			sourceTree = "<group>";
		};
/* End PBXVariantGroup section */

/* Begin XCBuildConfiguration section */
		56D9B8E622C261A700E7D058 /* Debug */ = {
			isa = XCBuildConfiguration;
			buildSettings = {
				ALWAYS_SEARCH_USER_PATHS = NO;
				CLANG_ANALYZER_NONNULL = YES;
				CLANG_ANALYZER_NUMBER_OBJECT_CONVERSION = YES_AGGRESSIVE;
				CLANG_CXX_LANGUAGE_STANDARD = "gnu++14";
				CLANG_CXX_LIBRARY = "libc++";
				CLANG_ENABLE_MODULES = YES;
				CLANG_ENABLE_OBJC_ARC = YES;
				CLANG_ENABLE_OBJC_WEAK = YES;
				CLANG_WARN_BLOCK_CAPTURE_AUTORELEASING = YES;
				CLANG_WARN_BOOL_CONVERSION = YES;
				CLANG_WARN_COMMA = YES;
				CLANG_WARN_CONSTANT_CONVERSION = YES;
				CLANG_WARN_DEPRECATED_OBJC_IMPLEMENTATIONS = YES;
				CLANG_WARN_DIRECT_OBJC_ISA_USAGE = YES_ERROR;
				CLANG_WARN_DOCUMENTATION_COMMENTS = YES;
				CLANG_WARN_EMPTY_BODY = YES;
				CLANG_WARN_ENUM_CONVERSION = YES;
				CLANG_WARN_INFINITE_RECURSION = YES;
				CLANG_WARN_INT_CONVERSION = YES;
				CLANG_WARN_NON_LITERAL_NULL_CONVERSION = YES;
				CLANG_WARN_OBJC_IMPLICIT_RETAIN_SELF = YES;
				CLANG_WARN_OBJC_LITERAL_CONVERSION = YES;
				CLANG_WARN_OBJC_ROOT_CLASS = YES_ERROR;
				CLANG_WARN_RANGE_LOOP_ANALYSIS = YES;
				CLANG_WARN_STRICT_PROTOTYPES = YES;
				CLANG_WARN_SUSPICIOUS_MOVE = YES;
				CLANG_WARN_UNGUARDED_AVAILABILITY = YES_AGGRESSIVE;
				CLANG_WARN_UNREACHABLE_CODE = YES;
				CLANG_WARN__DUPLICATE_METHOD_MATCH = YES;
				COPY_PHASE_STRIP = NO;
				DEBUG_INFORMATION_FORMAT = dwarf;
				ENABLE_STRICT_OBJC_MSGSEND = YES;
				ENABLE_TESTABILITY = YES;
				GCC_C_LANGUAGE_STANDARD = gnu11;
				GCC_DYNAMIC_NO_PIC = NO;
				GCC_NO_COMMON_BLOCKS = YES;
				GCC_OPTIMIZATION_LEVEL = 0;
				GCC_PREPROCESSOR_DEFINITIONS = (
					"DEBUG=1",
					"$(inherited)",
				);
				GCC_WARN_64_TO_32_BIT_CONVERSION = YES;
				GCC_WARN_ABOUT_RETURN_TYPE = YES_ERROR;
				GCC_WARN_UNDECLARED_SELECTOR = YES;
				GCC_WARN_UNINITIALIZED_AUTOS = YES_AGGRESSIVE;
				GCC_WARN_UNUSED_FUNCTION = YES;
				GCC_WARN_UNUSED_VARIABLE = YES;
				MACOSX_DEPLOYMENT_TARGET = 10.15;
				MTL_ENABLE_DEBUG_INFO = INCLUDE_SOURCE;
				MTL_FAST_MATH = YES;
				ONLY_ACTIVE_ARCH = YES;
				SDKROOT = macosx;
				SWIFT_ACTIVE_COMPILATION_CONDITIONS = DEBUG;
				SWIFT_OPTIMIZATION_LEVEL = "-Onone";
			};
			name = Debug;
		};
		56D9B8E722C261A700E7D058 /* Release */ = {
			isa = XCBuildConfiguration;
			buildSettings = {
				ALWAYS_SEARCH_USER_PATHS = NO;
				CLANG_ANALYZER_NONNULL = YES;
				CLANG_ANALYZER_NUMBER_OBJECT_CONVERSION = YES_AGGRESSIVE;
				CLANG_CXX_LANGUAGE_STANDARD = "gnu++14";
				CLANG_CXX_LIBRARY = "libc++";
				CLANG_ENABLE_MODULES = YES;
				CLANG_ENABLE_OBJC_ARC = YES;
				CLANG_ENABLE_OBJC_WEAK = YES;
				CLANG_WARN_BLOCK_CAPTURE_AUTORELEASING = YES;
				CLANG_WARN_BOOL_CONVERSION = YES;
				CLANG_WARN_COMMA = YES;
				CLANG_WARN_CONSTANT_CONVERSION = YES;
				CLANG_WARN_DEPRECATED_OBJC_IMPLEMENTATIONS = YES;
				CLANG_WARN_DIRECT_OBJC_ISA_USAGE = YES_ERROR;
				CLANG_WARN_DOCUMENTATION_COMMENTS = YES;
				CLANG_WARN_EMPTY_BODY = YES;
				CLANG_WARN_ENUM_CONVERSION = YES;
				CLANG_WARN_INFINITE_RECURSION = YES;
				CLANG_WARN_INT_CONVERSION = YES;
				CLANG_WARN_NON_LITERAL_NULL_CONVERSION = YES;
				CLANG_WARN_OBJC_IMPLICIT_RETAIN_SELF = YES;
				CLANG_WARN_OBJC_LITERAL_CONVERSION = YES;
				CLANG_WARN_OBJC_ROOT_CLASS = YES_ERROR;
				CLANG_WARN_RANGE_LOOP_ANALYSIS = YES;
				CLANG_WARN_STRICT_PROTOTYPES = YES;
				CLANG_WARN_SUSPICIOUS_MOVE = YES;
				CLANG_WARN_UNGUARDED_AVAILABILITY = YES_AGGRESSIVE;
				CLANG_WARN_UNREACHABLE_CODE = YES;
				CLANG_WARN__DUPLICATE_METHOD_MATCH = YES;
				COPY_PHASE_STRIP = NO;
				DEBUG_INFORMATION_FORMAT = "dwarf-with-dsym";
				ENABLE_NS_ASSERTIONS = NO;
				ENABLE_STRICT_OBJC_MSGSEND = YES;
				GCC_C_LANGUAGE_STANDARD = gnu11;
				GCC_NO_COMMON_BLOCKS = YES;
				GCC_WARN_64_TO_32_BIT_CONVERSION = YES;
				GCC_WARN_ABOUT_RETURN_TYPE = YES_ERROR;
				GCC_WARN_UNDECLARED_SELECTOR = YES;
				GCC_WARN_UNINITIALIZED_AUTOS = YES_AGGRESSIVE;
				GCC_WARN_UNUSED_FUNCTION = YES;
				GCC_WARN_UNUSED_VARIABLE = YES;
				MACOSX_DEPLOYMENT_TARGET = 10.15;
				MTL_ENABLE_DEBUG_INFO = NO;
				MTL_FAST_MATH = YES;
				SDKROOT = macosx;
				SWIFT_COMPILATION_MODE = wholemodule;
				SWIFT_OPTIMIZATION_LEVEL = "-O";
			};
			name = Release;
		};
		56D9B8E922C261A700E7D058 /* Debug */ = {
			isa = XCBuildConfiguration;
			buildSettings = {
				ASSETCATALOG_COMPILER_APPICON_NAME = AppIcon;
				CODE_SIGN_ENTITLEMENTS = ScreenTimeController/ScreenTimeController.entitlements;
				CODE_SIGN_STYLE = Automatic;
				COMBINE_HIDPI_IMAGES = YES;
				DEVELOPMENT_ASSET_PATHS = "ScreenTimeController/Preview\\ Content";
				DEVELOPMENT_TEAM = C9474Z9GXV;
				ENABLE_HARDENED_RUNTIME = YES;
				ENABLE_PREVIEWS = YES;
				INFOPLIST_FILE = ScreenTimeController/Info.plist;
				LD_RUNPATH_SEARCH_PATHS = (
					"$(inherited)",
					"@executable_path/../Frameworks",
				);
				PRODUCT_BUNDLE_IDENTIFIER = com.zhang.evian.ScreenTimeController;
				PRODUCT_NAME = "$(TARGET_NAME)";
				SWIFT_VERSION = 5.0;
			};
			name = Debug;
		};
		56D9B8EA22C261A700E7D058 /* Release */ = {
			isa = XCBuildConfiguration;
			buildSettings = {
				ASSETCATALOG_COMPILER_APPICON_NAME = AppIcon;
				CODE_SIGN_ENTITLEMENTS = ScreenTimeController/ScreenTimeController.entitlements;
				CODE_SIGN_STYLE = Automatic;
				COMBINE_HIDPI_IMAGES = YES;
				DEVELOPMENT_ASSET_PATHS = "ScreenTimeController/Preview\\ Content";
				DEVELOPMENT_TEAM = C9474Z9GXV;
				ENABLE_HARDENED_RUNTIME = YES;
				ENABLE_PREVIEWS = YES;
				INFOPLIST_FILE = ScreenTimeController/Info.plist;
				LD_RUNPATH_SEARCH_PATHS = (
					"$(inherited)",
					"@executable_path/../Frameworks",
				);
				PRODUCT_BUNDLE_IDENTIFIER = com.zhang.evian.ScreenTimeController;
				PRODUCT_NAME = "$(TARGET_NAME)";
				SWIFT_VERSION = 5.0;
			};
			name = Release;
		};
/* End XCBuildConfiguration section */

/* Begin XCConfigurationList section */
		56D9B8D022C261A300E7D058 /* Build configuration list for PBXProject "ScreenTimeController" */ = {
			isa = XCConfigurationList;
			buildConfigurations = (
				56D9B8E622C261A700E7D058 /* Debug */,
				56D9B8E722C261A700E7D058 /* Release */,
			);
			defaultConfigurationIsVisible = 0;
			defaultConfigurationName = Release;
		};
		56D9B8E822C261A700E7D058 /* Build configuration list for PBXNativeTarget "ScreenTimeController" */ = {
			isa = XCConfigurationList;
			buildConfigurations = (
				56D9B8E922C261A700E7D058 /* Debug */,
				56D9B8EA22C261A700E7D058 /* Release */,
			);
			defaultConfigurationIsVisible = 0;
			defaultConfigurationName = Release;
		};
/* End XCConfigurationList section */
	};
	rootObject = 56D9B8CD22C261A300E7D058 /* Project object */;
}
